hash: 58829ec63c5b24a3f6df9ab6be131463b793c5b39221eeea621071aeaff20f8e
updated: 2017-03-05T16:20:23.203663265-05:00
imports:
- name: github.com/CyCoreSystems/go-kamailio
  version: 8c2e3bc5eac9eef2e8ca04546393fd8153760e84
  subpackages:
  - binrpc
- name: github.com/ericchiang/k8s
  version: 9fe8b1e214cbb4bbcca2384470f44b61cc8f1ecb
  subpackages:
  - api/resource
  - api/unversioned
  - api/v1
  - apis/apps/v1alpha1
  - apis/apps/v1beta1
  - apis/authentication/v1beta1
  - apis/authorization/v1beta1
  - apis/autoscaling/v1
  - apis/batch/v1
  - apis/batch/v2alpha1
  - apis/certificates/v1alpha1
  - apis/extensions/v1beta1
  - apis/imagepolicy/v1alpha1
  - apis/policy/v1alpha1
  - apis/policy/v1beta1
  - apis/rbac/v1alpha1
  - apis/storage/v1beta1
  - runtime
  - util/intstr
  - watch/versioned
- name: github.com/golang/protobuf
  version: 69b215d01a5606c843240eab4937eab3acee6530
  subpackages:
  - proto
- name: github.com/pkg/errors
  version: 645ef00459ed84a119197bfb8d8205042c6df63d
- name: golang.org/x/net
  version: d379faa25cbdc04d653984913a2ceb43b0bc46d7
  subpackages:
  - http2
  - http2/hpack
  - idna
  - lex/httplex
testImports: []
