# This file is autogenerated, do not edit; changes may be undone by the next 'dep ensure'.


[[projects]]
  digest = "1:c58551e8a153b49289735f346342ae350d17449aac3d4fa7fb80d0f642a99496"
  name = "github.com/CyCoreSystems/go-kamailio"
  packages = ["binrpc"]
  pruneopts = ""
  revision = "8c2e3bc5eac9eef2e8ca04546393fd8153760e84"
  version = "v0.1.0"

[[projects]]
  digest = "1:68b057539f657c23d72f1a899371bcadbc3c5d787c3f88172193ee21cb0c75e4"
  name = "github.com/ericchiang/k8s"
  packages = [
    ".",
    "apis/apiextensions/v1beta1",
    "apis/core/v1",
    "apis/meta/v1",
    "apis/resource",
    "runtime",
    "runtime/schema",
    "util/intstr",
    "watch/versioned",
  ]
  pruneopts = ""
  revision = "677cf3318ef83bf681a38821f81a233a9be09641"
  version = "v1.1.0"

[[projects]]
  digest = "1:b13707423743d41665fd23f0c36b2f37bb49c30e94adb813319c44188a51ba22"
  name = "github.com/ghodss/yaml"
  packages = ["."]
  pruneopts = ""
  revision = "0ca9ea5df5451ffdf184b4428c902747c2c11cd7"
  version = "v1.0.0"

[[projects]]
  digest = "1:f958a1c137db276e52f0b50efee41a1a389dcdded59a69711f3e872757dab34b"
  name = "github.com/golang/protobuf"
  packages = ["proto"]
  pruneopts = ""
  revision = "b4deda0973fb4c70b50d226b1af49f3da59f5265"
  version = "v1.1.0"

[[projects]]
  digest = "1:7365acd48986e205ccb8652cc746f09c8b7876030d53710ea6ef7d0bd0dcd7ca"
  name = "github.com/pkg/errors"
  packages = ["."]
  pruneopts = ""
  revision = "645ef00459ed84a119197bfb8d8205042c6df63d"
  version = "v0.8.0"

[[projects]]
  branch = "master"
  digest = "1:b03aa98aca70c77c167d79a5223443d4faba32fd933efe94d3d58c9a30738159"
  name = "golang.org/x/net"
  packages = [
    "http/httpguts",
    "http2",
    "http2/hpack",
    "idna",
    "lex/httplex",
  ]
  pruneopts = ""
  revision = "640f4622ab692b87c2f3a94265e6f579fe38263d"

[[projects]]
  digest = "1:5acd3512b047305d49e8763eef7ba423901e85d5dd2fd1e71778a0ea8de10bd4"
  name = "golang.org/x/text"
  packages = [
    "collate",
    "collate/build",
    "internal/colltab",
    "internal/gen",
    "internal/tag",
    "internal/triegen",
    "internal/ucd",
    "language",
    "secure/bidirule",
    "transform",
    "unicode/bidi",
    "unicode/cldr",
    "unicode/norm",
    "unicode/rangetable",
  ]
  pruneopts = ""
  revision = "f21a4dfb5e38f5895301dc265a8def02365cc3d0"
  version = "v0.3.0"

[[projects]]
  digest = "1:f0620375dd1f6251d9973b5f2596228cc8042e887cd7f827e4220bc1ce8c30e2"
  name = "gopkg.in/yaml.v2"
  packages = ["."]
  pruneopts = ""
  revision = "5420a8b6744d3b0345ab293f6fcba19c978f1183"
  version = "v2.2.1"

[solve-meta]
  analyzer-name = "dep"
  analyzer-version = 1
  input-imports = [
    "github.com/CyCoreSystems/go-kamailio/binrpc",
    "github.com/ericchiang/k8s",
    "github.com/ericchiang/k8s/apis/core/v1",
    "github.com/ghodss/yaml",
    "github.com/pkg/errors",
  ]
  solver-name = "gps-cdcl"
  solver-version = 1
